{
  "name": "@starwards/server",
  "version": "0.0.0",
  "lockfileVersion": 1,
  "requires": true,
  "dependencies": {
    "@types/graphql": {
      "version": "14.0.7",
      "resolved": "https://registry.npmjs.org/@types/graphql/-/graphql-14.0.7.tgz",
      "integrity": "sha512-BoLDjdvLQsXPZLJux3lEZANwGr3Xag56Ngy0U3y8uoRSDdeLcn43H3oBcgZlnd++iOQElBpaRVDHPzEDekyvXQ==",
      "dev": true
    }
  }
}
