{
    "name": "@starwards/model",
    "version": "0.0.0",
    "lockfileVersion": 2,
    "requires": true,
    "packages": {
        "": {
            "name": "@starwards/model",
            "version": "0.0.0",
            "dependencies": {
<<<<<<< HEAD
                "eventemitter3": "^4.0.7",
                "nanoid": "^3.2.0",
                "normal-distribution": "^1.1.1",
                "ts-gaussian": "^3.0.1"
=======
                "bitset": "5.1.1",
                "eventemitter3": "^4.0.7",
                "nanoid": "^3.2.0"
            }
        },
        "node_modules/bitset": {
            "version": "5.1.1",
            "resolved": "https://registry.npmjs.org/bitset/-/bitset-5.1.1.tgz",
            "integrity": "sha512-oKaRp6mzXedJ1Npo86PKhWfDelI6HxxJo+it9nAcBB0HLVvYVp+5i6yj6DT5hfFgo+TS5T57MRWtw8zhwdTs3g==",
            "engines": {
                "node": "*"
>>>>>>> 58fa935 (dep changes)
            }
        },
        "node_modules/eventemitter3": {
            "version": "4.0.7",
            "resolved": "https://registry.npmjs.org/eventemitter3/-/eventemitter3-4.0.7.tgz",
            "integrity": "sha512-8guHBZCwKnFhYdHr2ysuRWErTwhoN2X8XELRlrRwpmfeY2jjuUN4taQMsULKUVo1K4DvZl+0pgfyoysHxvmvEw=="
        },
        "node_modules/nanoid": {
            "version": "3.2.0",
            "resolved": "https://registry.npmjs.org/nanoid/-/nanoid-3.2.0.tgz",
            "integrity": "sha512-fmsZYa9lpn69Ad5eDn7FMcnnSR+8R34W9qJEijxYhTbfOWzr22n1QxCMzXLK+ODyW2973V3Fux959iQoUxzUIA==",
            "bin": {
                "nanoid": "bin/nanoid.cjs"
            },
            "engines": {
                "node": "^10 || ^12 || ^13.7 || ^14 || >=15.0.1"
            }
<<<<<<< HEAD
        },
        "node_modules/normal-distribution": {
            "version": "1.1.1",
            "resolved": "https://registry.npmjs.org/normal-distribution/-/normal-distribution-1.1.1.tgz",
            "integrity": "sha512-lyz7LXBhjiEdAw234zTz05EohshNCORpC0duBQeaKzZIeTE6oDfpcBocEXbZTFv3GkoiMPz9mhgUuv5mMc64uA=="
        },
        "node_modules/ts-gaussian": {
            "version": "3.0.1",
            "resolved": "https://registry.npmjs.org/ts-gaussian/-/ts-gaussian-3.0.1.tgz",
            "integrity": "sha512-8Obo2nH740hN6asml4SL9/g4dZxTm6jenp1/T3G9nhXb74Rle7sw7caJPwFXVIQDB4/1i1O/z4pJCZ/ynOCohQ==",
            "engines": {
                "node": ">=14.16"
            }
        }
    },
    "dependencies": {
=======
        }
    },
    "dependencies": {
        "bitset": {
            "version": "5.1.1",
            "resolved": "https://registry.npmjs.org/bitset/-/bitset-5.1.1.tgz",
            "integrity": "sha512-oKaRp6mzXedJ1Npo86PKhWfDelI6HxxJo+it9nAcBB0HLVvYVp+5i6yj6DT5hfFgo+TS5T57MRWtw8zhwdTs3g=="
        },
>>>>>>> 58fa935 (dep changes)
        "eventemitter3": {
            "version": "4.0.7",
            "resolved": "https://registry.npmjs.org/eventemitter3/-/eventemitter3-4.0.7.tgz",
            "integrity": "sha512-8guHBZCwKnFhYdHr2ysuRWErTwhoN2X8XELRlrRwpmfeY2jjuUN4taQMsULKUVo1K4DvZl+0pgfyoysHxvmvEw=="
        },
        "nanoid": {
            "version": "3.2.0",
            "resolved": "https://registry.npmjs.org/nanoid/-/nanoid-3.2.0.tgz",
            "integrity": "sha512-fmsZYa9lpn69Ad5eDn7FMcnnSR+8R34W9qJEijxYhTbfOWzr22n1QxCMzXLK+ODyW2973V3Fux959iQoUxzUIA=="
<<<<<<< HEAD
        },
        "normal-distribution": {
            "version": "1.1.1",
            "resolved": "https://registry.npmjs.org/normal-distribution/-/normal-distribution-1.1.1.tgz",
            "integrity": "sha512-lyz7LXBhjiEdAw234zTz05EohshNCORpC0duBQeaKzZIeTE6oDfpcBocEXbZTFv3GkoiMPz9mhgUuv5mMc64uA=="
        },
        "ts-gaussian": {
            "version": "3.0.1",
            "resolved": "https://registry.npmjs.org/ts-gaussian/-/ts-gaussian-3.0.1.tgz",
            "integrity": "sha512-8Obo2nH740hN6asml4SL9/g4dZxTm6jenp1/T3G9nhXb74Rle7sw7caJPwFXVIQDB4/1i1O/z4pJCZ/ynOCohQ=="
=======
>>>>>>> 58fa935 (dep changes)
        }
    }
}
