{
    "name": "@starwards/model",
    "version": "0.0.0",
    "lockfileVersion": 2,
    "requires": true,
    "packages": {
        "": {
            "name": "@starwards/model",
            "version": "0.0.0",
            "dependencies": {
                "eventemitter3": "^4.0.7"
            },
            "devDependencies": {
                "fast-check": "^2.13.0"
            }
        },
        "node_modules/eventemitter3": {
            "version": "4.0.7",
            "resolved": "https://registry.npmjs.org/eventemitter3/-/eventemitter3-4.0.7.tgz",
            "integrity": "sha512-8guHBZCwKnFhYdHr2ysuRWErTwhoN2X8XELRlrRwpmfeY2jjuUN4taQMsULKUVo1K4DvZl+0pgfyoysHxvmvEw=="
        },
        "node_modules/fast-check": {
            "version": "2.14.0",
            "resolved": "https://registry.npmjs.org/fast-check/-/fast-check-2.14.0.tgz",
            "integrity": "sha512-4hm0ioyEVCwgjBLBqriwAFYu3/yc7pNH9fBfvzi6JRWRs4R3mwZwrr/d4MHbY0fTBJ0Uakg4TaMAAQ8Cnt2+KQ==",
            "dev": true,
            "dependencies": {
                "pure-rand": "^4.1.1"
            },
            "engines": {
                "node": ">=8.0.0"
            },
            "funding": {
                "type": "opencollective",
                "url": "https://opencollective.com/fast-check"
            }
        },
        "node_modules/pure-rand": {
            "version": "4.1.2",
            "resolved": "https://registry.npmjs.org/pure-rand/-/pure-rand-4.1.2.tgz",
            "integrity": "sha512-uLzZpQWfroIqyFWmX/pl0OL2JHJdoU3dbh0dvZ25fChHFJJi56J5oQZhW6QgbT2Llwh1upki84LnTwlZvsungA==",
            "dev": true,
            "funding": {
                "type": "opencollective",
                "url": "https://opencollective.com/fast-check"
            }
        }
    },
    "dependencies": {
        "eventemitter3": {
            "version": "4.0.7",
            "resolved": "https://registry.npmjs.org/eventemitter3/-/eventemitter3-4.0.7.tgz",
            "integrity": "sha512-8guHBZCwKnFhYdHr2ysuRWErTwhoN2X8XELRlrRwpmfeY2jjuUN4taQMsULKUVo1K4DvZl+0pgfyoysHxvmvEw=="
        },
        "fast-check": {
            "version": "2.14.0",
            "resolved": "https://registry.npmjs.org/fast-check/-/fast-check-2.14.0.tgz",
            "integrity": "sha512-4hm0ioyEVCwgjBLBqriwAFYu3/yc7pNH9fBfvzi6JRWRs4R3mwZwrr/d4MHbY0fTBJ0Uakg4TaMAAQ8Cnt2+KQ==",
            "dev": true,
            "requires": {
                "pure-rand": "^4.1.1"
            }
        },
        "pure-rand": {
            "version": "4.1.2",
            "resolved": "https://registry.npmjs.org/pure-rand/-/pure-rand-4.1.2.tgz",
            "integrity": "sha512-uLzZpQWfroIqyFWmX/pl0OL2JHJdoU3dbh0dvZ25fChHFJJi56J5oQZhW6QgbT2Llwh1upki84LnTwlZvsungA==",
            "dev": true
        }
    }
}
